
Microsoft Visual Studio Solution File, Format Version 12.00
# Visual Studio Version 17
VisualStudioVersion = 17.3.32901.215
MinimumVisualStudioVersion = 10.0.40219.1
Project("{8BC9CEB8-8B4A-11D0-8D11-00A0C91BC942}") = "RawImageToDICOMParser", "RawImageToDICOMParser.vcxproj", "{7ECB49A4-6D31-4F8F-B641-0235CE534FF3}"
EndProject
Global
	GlobalSection(SolutionConfigurationPlatforms) = preSolution
		Debug|x64 = Debug|x64
		Release|x64 = Release|x64
	EndGlobalSection
	GlobalSection(ProjectConfigurationPlatforms) = postSolution
		{7ECB49A4-6D31-4F8F-B641-0235CE534FF3}.Debug|x64.ActiveCfg = Debug|x64
		{7ECB49A4-6D31-4F8F-B641-0235CE534FF3}.Debug|x64.Build.0 = Debug|x64
		{7ECB49A4-6D31-4F8F-B641-0235CE534FF3}.Release|x64.ActiveCfg = Release|x64
		{7ECB49A4-6D31-4F8F-B641-0235CE534FF3}.Release|x64.Build.0 = Release|x64
	EndGlobalSection
	GlobalSection(SolutionProperties) = preSolution
		HideSolutionNode = FALSE
	EndGlobalSection
	GlobalSection(ExtensibilityGlobals) = postSolution
		SolutionGuid = {893E26F9-BC39-4C8B-888C-362A3A705EFE}
	EndGlobalSection
EndGlobal
